# THIS IS AN AUTOGENERATED FILE. DO NOT EDIT THIS FILE DIRECTLY.
# yarn lockfile v1


"bs-platform@^9.0.2":
  "integrity" "sha512-Ye9JqJ4Oa7mcjjoOVRYI8Uc2Cf8N7jQLWDcdUplY7996d/YErSR7WitmV7XnSwr4EvdrbwjEsg1NxNjUQv3ChA=="
  "resolved" "https://registry.npmjs.org/bs-platform/-/bs-platform-9.0.2.tgz"
  "version" "9.0.2"
